
Microsoft Visual Studio Solution File, Format Version 12.00
# Visual Studio 15
VisualStudioVersion = 15.0.27703.2026
MinimumVisualStudioVersion = 10.0.40219.1
Project("{FAE04EC0-301F-11D3-BF4B-00C04F79EFBC}") = "PortalLogin", "PortalLogin\PortalLogin.csproj", "{BFC42ECF-E553-49CA-A2B3-D31AB08E989D}"
EndProject
Global
	GlobalSection(SolutionConfigurationPlatforms) = preSolution
		Debug|Any CPU = Debug|Any CPU
		Release|Any CPU = Release|Any CPU
	EndGlobalSection
	GlobalSection(ProjectConfigurationPlatforms) = postSolution
		{BFC42ECF-E553-49CA-A2B3-D31AB08E989D}.Debug|Any CPU.ActiveCfg = Debug|Any CPU
		{BFC42ECF-E553-49CA-A2B3-D31AB08E989D}.Debug|Any CPU.Build.0 = Debug|Any CPU
		{BFC42ECF-E553-49CA-A2B3-D31AB08E989D}.Release|Any CPU.ActiveCfg = Release|Any CPU
		{BFC42ECF-E553-49CA-A2B3-D31AB08E989D}.Release|Any CPU.Build.0 = Release|Any CPU
	EndGlobalSection
	GlobalSection(SolutionProperties) = preSolution
		HideSolutionNode = FALSE
	EndGlobalSection
	GlobalSection(ExtensibilityGlobals) = postSolution
		SolutionGuid = {A28DA5CB-9F12-4CCC-8262-331FEC0BA5A7}
	EndGlobalSection
EndGlobal
